{
  "name": "test-import",
  "version": "1.0.0",
  "lockfileVersion": 3,
  "requires": true,
  "packages": {
    "": {
      "name": "test-import",
      "version": "1.0.0",
      "license": "ISC",
      "dependencies": {
        "test-verdaccio-publish": "^1.0.3"
      }
    },
    "node_modules/test-verdaccio-publish": {
      "version": "1.0.3",
      "resolved": "http://192.168.120.84:4873/test-verdaccio-publish/-/test-verdaccio-publish-1.0.3.tgz",
      "integrity": "sha512-gblAHs4S18YWIcLUO14h4tlrxtwmxhEPTbBirmAvYEiNl/vMQB2S7EHZxT0jQgAg2enwqTU148Auy8zmHxZioQ==",
      "license": "ISC"
    }
  }
}
